
Microsoft Visual Studio Solution File, Format Version 12.00
# Visual Studio Version 17
VisualStudioVersion = 17.5.002.0
MinimumVisualStudioVersion = 10.0.40219.1
Project("{9A19103F-16F7-4668-BE54-9A1E7A4F7556}") = "UAS", "UAS.csproj", "{BFC558BA-98B7-4B5E-A39C-10E03AFF5A87}"
EndProject
Global
	GlobalSection(SolutionConfigurationPlatforms) = preSolution
		Debug|Any CPU = Debug|Any CPU
		Release|Any CPU = Release|Any CPU
	EndGlobalSection
	GlobalSection(ProjectConfigurationPlatforms) = postSolution
		{BFC558BA-98B7-4B5E-A39C-10E03AFF5A87}.Debug|Any CPU.ActiveCfg = Debug|Any CPU
		{BFC558BA-98B7-4B5E-A39C-10E03AFF5A87}.Debug|Any CPU.Build.0 = Debug|Any CPU
		{BFC558BA-98B7-4B5E-A39C-10E03AFF5A87}.Release|Any CPU.ActiveCfg = Release|Any CPU
		{BFC558BA-98B7-4B5E-A39C-10E03AFF5A87}.Release|Any CPU.Build.0 = Release|Any CPU
	EndGlobalSection
	GlobalSection(SolutionProperties) = preSolution
		HideSolutionNode = FALSE
	EndGlobalSection
	GlobalSection(ExtensibilityGlobals) = postSolution
		SolutionGuid = {71F6F3CA-6F47-46AE-A3B4-BEC34123549E}
	EndGlobalSection
EndGlobal
